{
  "lockfile_version": "1",
  "packages": {
    "nodejs@24.0.2": {
      "last_modified": "2025-05-21T18:43:04Z",
      "plugin_version": "0.0.2",
      "resolved": "github:NixOS/nixpkgs/8c441601c43232976179eac52dde704c8bdf81ed#nodejs_24",
      "source": "devbox-search",
      "version": "24.0.2",
      "systems": {
        "aarch64-darwin": {
          "outputs": [
            {
              "name": "out",
              "path": "/nix/store/g18x9zqm1fvxbkq7k64pkvlc07yc2fx1-nodejs-24.0.2",
              "default": true
            },
            {
              "name": "dev",
              "path": "/nix/store/g03gq7qh0zwwj479lxdxp2z92lry0ncf-nodejs-24.0.2-dev"
            },
            {
              "name": "libv8",
              "path": "/nix/store/f767xbpljq7s2w6269jnzqha8fah0gmk-nodejs-24.0.2-libv8"
            }
          ],
          "store_path": "/nix/store/g18x9zqm1fvxbkq7k64pkvlc07yc2fx1-nodejs-24.0.2"
        },
        "aarch64-linux": {
          "outputs": [
            {
              "name": "out",
              "path": "/nix/store/db91h0bv7qnikypzh9ljgdyw76f6mn1a-nodejs-24.0.2",
              "default": true
            },
            {
              "name": "libv8",
              "path": "/nix/store/877klxkxc086qcryqa07p59m73426241-nodejs-24.0.2-libv8"
            },
            {
              "name": "dev",
              "path": "/nix/store/hkysigr96k7m3jxizsr907kmh71ccfzx-nodejs-24.0.2-dev"
            }
          ],
          "store_path": "/nix/store/db91h0bv7qnikypzh9ljgdyw76f6mn1a-nodejs-24.0.2"
        },
        "x86_64-darwin": {
          "outputs": [
            {
              "name": "out",
              "path": "/nix/store/lkij0yk0kaf07wps2bg04dc0x3jwkzp6-nodejs-24.0.2",
              "default": true
            },
            {
              "name": "dev",
              "path": "/nix/store/xh5rq4z6cp28l88mc81m38ylf5fzml40-nodejs-24.0.2-dev"
            },
            {
              "name": "libv8",
              "path": "/nix/store/wkzi8bc8f9xvpil4b086p1b44xsqnpjy-nodejs-24.0.2-libv8"
            }
          ],
          "store_path": "/nix/store/lkij0yk0kaf07wps2bg04dc0x3jwkzp6-nodejs-24.0.2"
        },
        "x86_64-linux": {
          "outputs": [
            {
              "name": "out",
              "path": "/nix/store/mzsb0ap4avc7cg4m3mdjvrpddflbsgad-nodejs-24.0.2",
              "default": true
            },
            {
              "name": "libv8",
              "path": "/nix/store/bmmsz4fnmbh5fhjvy5yc0f557vs9kgm8-nodejs-24.0.2-libv8"
            },
            {
              "name": "dev",
              "path": "/nix/store/7c3qfqspmilb7wm7d31l6rvwv7apsanr-nodejs-24.0.2-dev"
            }
          ],
          "store_path": "/nix/store/mzsb0ap4avc7cg4m3mdjvrpddflbsgad-nodejs-24.0.2"
        }
      }
    }
  }
}
